
Microsoft Visual Studio Solution File, Format Version 12.00
# Visual Studio Version 16
VisualStudioVersion = 16.0.30406.217
MinimumVisualStudioVersion = 10.0.40219.1
Project("{9A19103F-16F7-4668-BE54-9A1E7A4F7556}") = "UnshieldSharp", "UnshieldSharp\UnshieldSharp.csproj", "{39EDC0B8-5E96-4A16-9104-2D0025836071}"
EndProject
Project("{9A19103F-16F7-4668-BE54-9A1E7A4F7556}") = "Test", "Test\Test.csproj", "{50AFDAEE-0923-498B-8564-1FFAA2514391}"
EndProject
Project("{2150E333-8FDC-42A3-9474-1A3956D46DE8}") = "Solution Items", "Solution Items", "{06E02175-3BE4-42BD-9307-A063CE56EDEC}"
	ProjectSection(SolutionItems) = preProject
		LICENSE-UNSHIELD = LICENSE-UNSHIELD
		LICENSE-UNSHIELDV3 = LICENSE-UNSHIELDV3
		README.md = README.md
	EndProjectSection
EndProject
Global
	GlobalSection(SolutionConfigurationPlatforms) = preSolution
		Debug|Any CPU = Debug|Any CPU
		Release|Any CPU = Release|Any CPU
	EndGlobalSection
	GlobalSection(ProjectConfigurationPlatforms) = postSolution
		{39EDC0B8-5E96-4A16-9104-2D0025836071}.Debug|Any CPU.ActiveCfg = Debug|Any CPU
		{39EDC0B8-5E96-4A16-9104-2D0025836071}.Debug|Any CPU.Build.0 = Debug|Any CPU
		{39EDC0B8-5E96-4A16-9104-2D0025836071}.Release|Any CPU.ActiveCfg = Release|Any CPU
		{39EDC0B8-5E96-4A16-9104-2D0025836071}.Release|Any CPU.Build.0 = Release|Any CPU
		{50AFDAEE-0923-498B-8564-1FFAA2514391}.Debug|Any CPU.ActiveCfg = Debug|Any CPU
		{50AFDAEE-0923-498B-8564-1FFAA2514391}.Debug|Any CPU.Build.0 = Debug|Any CPU
		{50AFDAEE-0923-498B-8564-1FFAA2514391}.Release|Any CPU.ActiveCfg = Release|Any CPU
		{50AFDAEE-0923-498B-8564-1FFAA2514391}.Release|Any CPU.Build.0 = Release|Any CPU
	EndGlobalSection
	GlobalSection(SolutionProperties) = preSolution
		HideSolutionNode = FALSE
	EndGlobalSection
	GlobalSection(ExtensibilityGlobals) = postSolution
		SolutionGuid = {BBE71E1E-6B20-4AB8-BA7A-D69616CAB1C7}
	EndGlobalSection
EndGlobal
